<?xml version="1.0" encoding="utf-8"?>
<Project ToolsVersion="4.0" xmlns="http://schemas.microsoft.com/developer/msbuild/2003">
  <ItemGroup>
    <Filter Include="Source Files">
      <UniqueIdentifier>{4FC737F1-C7A5-4376-A066-2A32D752A2FF}</UniqueIdentifier>
      <Extensions>cpp;c;cc;cxx;c++;cppm;ixx;def;odl;idl;hpj;bat;asm;asmx</Extensions>
    </Filter>
    <Filter Include="Header Files">
      <UniqueIdentifier>{93995380-89BD-4b04-88EB-625FBE52EBFB}</UniqueIdentifier>
      <Extensions>h;hh;hpp;hxx;h++;hm;inl;inc;ipp;xsd</Extensions>
    </Filter>
    <Filter Include="Header Files\demo">
      <UniqueIdentifier>{ee1eaf83-acc4-4c0e-88fd-708b16ec2cf4}</UniqueIdentifier>
    </Filter>
    <Filter Include="Header Files\demo\math">
      <UniqueIdentifier>{ab0e4fd8-62bc-4dfa-81b7-2c424abae72f}</UniqueIdentifier>
    </Filter>
    <Filter Include="Source Files\demo">
      <UniqueIdentifier>{12ee941a-8a1d-450b-86cf-46526dd263ed}</UniqueIdentifier>
    </Filter>
    <Filter Include="Header Files\demo\spatial">
      <UniqueIdentifier>{043ce739-499b-48cd-b759-aa4778f7e4ae}</UniqueIdentifier>
    </Filter>
    <Filter Include="Source Files\demo\spatial">
      <UniqueIdentifier>{53c1a2a0-ceb1-4c1e-a323-0c5ce7a66a6a}</UniqueIdentifier>
    </Filter>
    <Filter Include="Header Files\demo\spatial\internal">
      <UniqueIdentifier>{649011ae-2281-4c1e-beb9-beb0936f97aa}</UniqueIdentifier>
    </Filter>
    <Filter Include="Source Files\demo\spatial\internal">
      <UniqueIdentifier>{f75b91cd-d98a-4372-a52d-97211c8c921b}</UniqueIdentifier>
    </Filter>
  </ItemGroup>
  <ItemGroup>
    <ClCompile Include="..\source\main.cpp">
      <Filter>Source Files</Filter>
    </ClCompile>
    <ClCompile Include="..\source\demo\spatial\QuadTree.cpp">
      <Filter>Source Files\demo\spatial</Filter>
    </ClCompile>
    <ClCompile Include="..\source\demo\spatial\internal\Shape.cpp">
      <Filter>Source Files\demo\spatial\internal</Filter>
    </ClCompile>
    <ClCompile Include="..\source\demo\spatial\internal\ShapeProvider.cpp">
      <Filter>Source Files\demo\spatial\internal</Filter>
    </ClCompile>
    <ClCompile Include="..\source\demo\spatial\internal\QuadProvider.cpp">
      <Filter>Source Files\demo\spatial\internal</Filter>
    </ClCompile>
    <ClCompile Include="..\source\demo\spatial\internal\Point.cpp">
      <Filter>Source Files\demo\spatial\internal</Filter>
    </ClCompile>
  </ItemGroup>
  <ItemGroup>
    <ClInclude Include="..\source\main.h">
      <Filter>Header Files</Filter>
    </ClInclude>
    <ClInclude Include="..\source\demo\math\math.h">
      <Filter>Header Files\demo\math</Filter>
    </ClInclude>
    <ClInclude Include="..\source\demo\math\BoundingRect.h">
      <Filter>Header Files\demo\math</Filter>
    </ClInclude>
    <ClInclude Include="..\source\demo\math\Vector2f.h">
      <Filter>Header Files\demo\math</Filter>
    </ClInclude>
    <ClInclude Include="..\source\demo\spatial\forwards.h">
      <Filter>Header Files\demo\spatial</Filter>
    </ClInclude>
    <ClInclude Include="..\source\demo\spatial\spatial.h">
      <Filter>Header Files\demo\spatial</Filter>
    </ClInclude>
    <ClInclude Include="..\source\demo\spatial\QuadTree.h">
      <Filter>Header Files\demo\spatial</Filter>
    </ClInclude>
    <ClInclude Include="..\source\demo\spatial\internal\aliases.h">
      <Filter>Header Files\demo\spatial\internal</Filter>
    </ClInclude>
    <ClInclude Include="..\source\demo\spatial\internal\forwards.h">
      <Filter>Header Files\demo\spatial\internal</Filter>
    </ClInclude>
    <ClInclude Include="..\source\demo\spatial\internal\Point.h">
      <Filter>Header Files\demo\spatial\internal</Filter>
    </ClInclude>
    <ClInclude Include="..\source\demo\spatial\internal\Shape.h">
      <Filter>Header Files\demo\spatial\internal</Filter>
    </ClInclude>
    <ClInclude Include="..\source\demo\spatial\internal\structures.h">
      <Filter>Header Files\demo\spatial\internal</Filter>
    </ClInclude>
    <ClInclude Include="..\source\demo\spatial\internal\QuadProvider.h">
      <Filter>Header Files\demo\spatial\internal</Filter>
    </ClInclude>
    <ClInclude Include="..\source\demo\spatial\internal\ShapeProvider.h">
      <Filter>Header Files\demo\spatial\internal</Filter>
    </ClInclude>
  </ItemGroup>
  <ItemGroup>
    <None Include="..\source\demo\math\BoundingRect.inl">
      <Filter>Header Files\demo\math</Filter>
    </None>
    <None Include="..\source\demo\math\Vector2f.inl">
      <Filter>Header Files\demo\math</Filter>
    </None>
    <None Include="..\source\demo\math\Vector2f.operations.inl">
      <Filter>Header Files\demo\math</Filter>
    </None>
  </ItemGroup>
</Project>